
Microsoft Visual Studio Solution File, Format Version 12.00
# Visual Studio Version 16
VisualStudioVersion = 16.0.29806.167
MinimumVisualStudioVersion = 10.0.40219.1
Project("{9A19103F-16F7-4668-BE54-9A1E7A4F7556}") = "Xamarin.AttributeValidation", "Xamarin.Validation\Xamarin.AttributeValidation.csproj", "{2511E4AC-88C2-4023-9FB7-9CF4C1C59FCF}"
EndProject
Global
	GlobalSection(SolutionConfigurationPlatforms) = preSolution
		Debug|Any CPU = Debug|Any CPU
		Release|Any CPU = Release|Any CPU
	EndGlobalSection
	GlobalSection(ProjectConfigurationPlatforms) = postSolution
		{2511E4AC-88C2-4023-9FB7-9CF4C1C59FCF}.Debug|Any CPU.ActiveCfg = Debug|Any CPU
		{2511E4AC-88C2-4023-9FB7-9CF4C1C59FCF}.Debug|Any CPU.Build.0 = Debug|Any CPU
		{2511E4AC-88C2-4023-9FB7-9CF4C1C59FCF}.Release|Any CPU.ActiveCfg = Release|Any CPU
		{2511E4AC-88C2-4023-9FB7-9CF4C1C59FCF}.Release|Any CPU.Build.0 = Release|Any CPU
	EndGlobalSection
	GlobalSection(SolutionProperties) = preSolution
		HideSolutionNode = FALSE
	EndGlobalSection
	GlobalSection(ExtensibilityGlobals) = postSolution
		SolutionGuid = {DCA805E2-06E8-49BB-B2BA-4438B9BCEFBA}
	EndGlobalSection
EndGlobal
